<?xml version="1.0" encoding="utf-8"?>
<Project ToolsVersion="17.0" xmlns="http://schemas.microsoft.com/developer/msbuild/2003">
  <ItemGroup>
    <CustomBuild Include="E:\comp\meshoptimizer\CMakeFiles\645a82eaf7a592591ef4a19a2386516d\generate.stamp.rule">
      <Filter>CMake Rules</Filter>
    </CustomBuild>
  </ItemGroup>
  <ItemGroup>
    <Filter Include="CMake Rules">
      <UniqueIdentifier>{052F047A-75CA-31F7-A48F-31CC5D50AA2B}</UniqueIdentifier>
    </Filter>
  </ItemGroup>
</Project>
